// !$*UTF8*$!
{
	archiveVersion = 1;
	classes = {
	};
	objectVersion = 46;
	objects = {

/* Begin PBXBuildFile section */
		3B0BE022C4895EF138B12B54 /* libPods.a in Frameworks */ = {isa = PBXBuildFile; fileRef = 239862CFFE69E89CC58C659F /* libPods.a */; };
		950403061A64A28D00F0B062 /* Categories.swift in Sources */ = {isa = PBXBuildFile; fileRef = 950403051A64A28D00F0B062 /* Categories.swift */; };
		950403081A65E84F00F0B062 /* MailboxManager.swift in Sources */ = {isa = PBXBuildFile; fileRef = 950403071A65E84F00F0B062 /* MailboxManager.swift */; };
		9504030A1A68788700F0B062 /* Timer.swift in Sources */ = {isa = PBXBuildFile; fileRef = 950403091A68788700F0B062 /* Timer.swift */; };
		9531F11F1A688900006DFACA /* ContainerViewController.swift in Sources */ = {isa = PBXBuildFile; fileRef = 9531F11E1A688900006DFACA /* ContainerViewController.swift */; };
		9531F1211A6889BE006DFACA /* MenuVC.swift in Sources */ = {isa = PBXBuildFile; fileRef = 9531F1201A6889BE006DFACA /* MenuVC.swift */; };
		9531F1251A69E5E9006DFACA /* LoginVC.swift in Sources */ = {isa = PBXBuildFile; fileRef = 9531F1241A69E5E9006DFACA /* LoginVC.swift */; };
		9531F12B1A6AA142006DFACA /* LoginService.swift in Sources */ = {isa = PBXBuildFile; fileRef = 9531F12A1A6AA142006DFACA /* LoginService.swift */; };
		9531F12D1A6B4B94006DFACA /* Settings.swift in Sources */ = {isa = PBXBuildFile; fileRef = 9531F12C1A6B4B94006DFACA /* Settings.swift */; };
		954C1E121A616226004A6C15 /* AppDelegate.swift in Sources */ = {isa = PBXBuildFile; fileRef = 954C1E111A616226004A6C15 /* AppDelegate.swift */; };
		954C1E141A616226004A6C15 /* SlideMenuVC.swift in Sources */ = {isa = PBXBuildFile; fileRef = 954C1E131A616226004A6C15 /* SlideMenuVC.swift */; };
		954C1E171A616226004A6C15 /* Main.storyboard in Resources */ = {isa = PBXBuildFile; fileRef = 954C1E151A616226004A6C15 /* Main.storyboard */; };
		954C1E191A616226004A6C15 /* Images.xcassets in Resources */ = {isa = PBXBuildFile; fileRef = 954C1E181A616226004A6C15 /* Images.xcassets */; };
		954C1E1C1A616226004A6C15 /* LaunchScreen.xib in Resources */ = {isa = PBXBuildFile; fileRef = 954C1E1A1A616226004A6C15 /* LaunchScreen.xib */; };
		954C1E281A616226004A6C15 /* iStartSiteSwiftTests.swift in Sources */ = {isa = PBXBuildFile; fileRef = 954C1E271A616226004A6C15 /* iStartSiteSwiftTests.swift */; };
		954C1E641A617129004A6C15 /* iStartSiteSwift.xcdatamodeld in Sources */ = {isa = PBXBuildFile; fileRef = 954C1E621A617129004A6C15 /* iStartSiteSwift.xcdatamodeld */; };
		954C1E6A1A6189D0004A6C15 /* MailboxFolder.swift in Sources */ = {isa = PBXBuildFile; fileRef = 954C1E691A6189D0004A6C15 /* MailboxFolder.swift */; };
		954C1E6C1A6189D1004A6C15 /* MailboxMessage.swift in Sources */ = {isa = PBXBuildFile; fileRef = 954C1E6B1A6189D1004A6C15 /* MailboxMessage.swift */; };
		954C1E6E1A6189D1004A6C15 /* MailboxContact.swift in Sources */ = {isa = PBXBuildFile; fileRef = 954C1E6D1A6189D1004A6C15 /* MailboxContact.swift */; };
		954C1E701A6189D1004A6C15 /* Mailbox.swift in Sources */ = {isa = PBXBuildFile; fileRef = 954C1E6F1A6189D1004A6C15 /* Mailbox.swift */; };
		954C1E721A618A5C004A6C15 /* Contact.swift in Sources */ = {isa = PBXBuildFile; fileRef = 954C1E711A618A5C004A6C15 /* Contact.swift */; };
		954C1E741A618A5D004A6C15 /* ContactEmail.swift in Sources */ = {isa = PBXBuildFile; fileRef = 954C1E731A618A5D004A6C15 /* ContactEmail.swift */; };
		954C1E761A618A5D004A6C15 /* ArchiveGroup.swift in Sources */ = {isa = PBXBuildFile; fileRef = 954C1E751A618A5D004A6C15 /* ArchiveGroup.swift */; };
		954C1E781A618A5D004A6C15 /* Person.swift in Sources */ = {isa = PBXBuildFile; fileRef = 954C1E771A618A5D004A6C15 /* Person.swift */; };
		954C1E7A1A618A5D004A6C15 /* User.swift in Sources */ = {isa = PBXBuildFile; fileRef = 954C1E791A618A5D004A6C15 /* User.swift */; };
		954C1E7C1A618A5D004A6C15 /* Archive.swift in Sources */ = {isa = PBXBuildFile; fileRef = 954C1E7B1A618A5D004A6C15 /* Archive.swift */; };
		954C1E7E1A618A5D004A6C15 /* Project.swift in Sources */ = {isa = PBXBuildFile; fileRef = 954C1E7D1A618A5D004A6C15 /* Project.swift */; };
		954C1E801A618A5D004A6C15 /* Company.swift in Sources */ = {isa = PBXBuildFile; fileRef = 954C1E7F1A618A5D004A6C15 /* Company.swift */; };
		954C1E821A618A5D004A6C15 /* Employee.swift in Sources */ = {isa = PBXBuildFile; fileRef = 954C1E811A618A5D004A6C15 /* Employee.swift */; };
		954C1EA21A618EC0004A6C15 /* SBGestureTableView.swift in Sources */ = {isa = PBXBuildFile; fileRef = 954C1E9E1A618EC0004A6C15 /* SBGestureTableView.swift */; };
		954C1EA31A618EC0004A6C15 /* SBGestureTableViewCell.swift in Sources */ = {isa = PBXBuildFile; fileRef = 954C1E9F1A618EC0004A6C15 /* SBGestureTableViewCell.swift */; };
		954C1EA41A618EC0004A6C15 /* SBGestureTableViewCellAction.swift in Sources */ = {isa = PBXBuildFile; fileRef = 954C1EA01A618EC0004A6C15 /* SBGestureTableViewCellAction.swift */; };
		954C1EA51A618EC0004A6C15 /* SBGestureTableViewCellSideView.swift in Sources */ = {isa = PBXBuildFile; fileRef = 954C1EA11A618EC0004A6C15 /* SBGestureTableViewCellSideView.swift */; };
		954C1EA91A61BC89004A6C15 /* MailboxVC.swift in Sources */ = {isa = PBXBuildFile; fileRef = 954C1EA81A61BC89004A6C15 /* MailboxVC.swift */; };
		95C197521A6E84AD0060B0AC /* ImageUtils.swift in Sources */ = {isa = PBXBuildFile; fileRef = 95C197511A6E84AD0060B0AC /* ImageUtils.swift */; };
/* End PBXBuildFile section */

/* Begin PBXContainerItemProxy section */
		954C1E221A616226004A6C15 /* PBXContainerItemProxy */ = {
			isa = PBXContainerItemProxy;
			containerPortal = 954C1E041A616226004A6C15 /* Project object */;
			proxyType = 1;
			remoteGlobalIDString = 954C1E0B1A616226004A6C15;
			remoteInfo = iStartSiteSwift;
		};
/* End PBXContainerItemProxy section */

/* Begin PBXFileReference section */
		062165348979C900688D7C80 /* Pods.debug.xcconfig */ = {isa = PBXFileReference; includeInIndex = 1; lastKnownFileType = text.xcconfig; name = Pods.debug.xcconfig; path = "Pods/Target Support Files/Pods/Pods.debug.xcconfig"; sourceTree = "<group>"; };
		239862CFFE69E89CC58C659F /* libPods.a */ = {isa = PBXFileReference; explicitFileType = archive.ar; includeInIndex = 0; path = libPods.a; sourceTree = BUILT_PRODUCTS_DIR; };
		45DAF3DE65190CAE01826705 /* Pods.release.xcconfig */ = {isa = PBXFileReference; includeInIndex = 1; lastKnownFileType = text.xcconfig; name = Pods.release.xcconfig; path = "Pods/Target Support Files/Pods/Pods.release.xcconfig"; sourceTree = "<group>"; };
		950403051A64A28D00F0B062 /* Categories.swift */ = {isa = PBXFileReference; fileEncoding = 4; lastKnownFileType = sourcecode.swift; path = Categories.swift; sourceTree = "<group>"; };
		950403071A65E84F00F0B062 /* MailboxManager.swift */ = {isa = PBXFileReference; fileEncoding = 4; lastKnownFileType = sourcecode.swift; path = MailboxManager.swift; sourceTree = "<group>"; };
		950403091A68788700F0B062 /* Timer.swift */ = {isa = PBXFileReference; fileEncoding = 4; lastKnownFileType = sourcecode.swift; path = Timer.swift; sourceTree = "<group>"; };
		9531F11E1A688900006DFACA /* ContainerViewController.swift */ = {isa = PBXFileReference; fileEncoding = 4; lastKnownFileType = sourcecode.swift; path = ContainerViewController.swift; sourceTree = "<group>"; };
		9531F1201A6889BE006DFACA /* MenuVC.swift */ = {isa = PBXFileReference; fileEncoding = 4; lastKnownFileType = sourcecode.swift; path = MenuVC.swift; sourceTree = "<group>"; };
		9531F1241A69E5E9006DFACA /* LoginVC.swift */ = {isa = PBXFileReference; fileEncoding = 4; lastKnownFileType = sourcecode.swift; path = LoginVC.swift; sourceTree = "<group>"; };
		9531F12A1A6AA142006DFACA /* LoginService.swift */ = {isa = PBXFileReference; fileEncoding = 4; lastKnownFileType = sourcecode.swift; path = LoginService.swift; sourceTree = "<group>"; };
		9531F12C1A6B4B94006DFACA /* Settings.swift */ = {isa = PBXFileReference; fileEncoding = 4; lastKnownFileType = sourcecode.swift; path = Settings.swift; sourceTree = "<group>"; };
		954C1E0C1A616226004A6C15 /* iStartSiteSwift.app */ = {isa = PBXFileReference; explicitFileType = wrapper.application; includeInIndex = 0; path = iStartSiteSwift.app; sourceTree = BUILT_PRODUCTS_DIR; };
		954C1E101A616226004A6C15 /* Info.plist */ = {isa = PBXFileReference; lastKnownFileType = text.plist.xml; path = Info.plist; sourceTree = "<group>"; };
		954C1E111A616226004A6C15 /* AppDelegate.swift */ = {isa = PBXFileReference; lastKnownFileType = sourcecode.swift; path = AppDelegate.swift; sourceTree = "<group>"; };
		954C1E131A616226004A6C15 /* SlideMenuVC.swift */ = {isa = PBXFileReference; lastKnownFileType = sourcecode.swift; path = SlideMenuVC.swift; sourceTree = "<group>"; };
		954C1E161A616226004A6C15 /* Base */ = {isa = PBXFileReference; lastKnownFileType = file.storyboard; name = Base; path = Base.lproj/Main.storyboard; sourceTree = "<group>"; };
		954C1E181A616226004A6C15 /* Images.xcassets */ = {isa = PBXFileReference; lastKnownFileType = folder.assetcatalog; path = Images.xcassets; sourceTree = "<group>"; };
		954C1E1B1A616226004A6C15 /* Base */ = {isa = PBXFileReference; lastKnownFileType = file.xib; name = Base; path = Base.lproj/LaunchScreen.xib; sourceTree = "<group>"; };
		954C1E211A616226004A6C15 /* iStartSiteSwiftTests.xctest */ = {isa = PBXFileReference; explicitFileType = wrapper.cfbundle; includeInIndex = 0; path = iStartSiteSwiftTests.xctest; sourceTree = BUILT_PRODUCTS_DIR; };
		954C1E261A616226004A6C15 /* Info.plist */ = {isa = PBXFileReference; lastKnownFileType = text.plist.xml; path = Info.plist; sourceTree = "<group>"; };
		954C1E271A616226004A6C15 /* iStartSiteSwiftTests.swift */ = {isa = PBXFileReference; lastKnownFileType = sourcecode.swift; path = iStartSiteSwiftTests.swift; sourceTree = "<group>"; };
		954C1E611A616FAB004A6C15 /* iStartSiteSwift-Bridging-Header.h */ = {isa = PBXFileReference; lastKnownFileType = sourcecode.c.h; path = "iStartSiteSwift-Bridging-Header.h"; sourceTree = "<group>"; };
		954C1E631A617129004A6C15 /* iStartSiteSwift.xcdatamodel */ = {isa = PBXFileReference; lastKnownFileType = wrapper.xcdatamodel; path = iStartSiteSwift.xcdatamodel; sourceTree = "<group>"; };
		954C1E691A6189D0004A6C15 /* MailboxFolder.swift */ = {isa = PBXFileReference; fileEncoding = 4; lastKnownFileType = sourcecode.swift; path = MailboxFolder.swift; sourceTree = "<group>"; };
		954C1E6B1A6189D1004A6C15 /* MailboxMessage.swift */ = {isa = PBXFileReference; fileEncoding = 4; lastKnownFileType = sourcecode.swift; path = MailboxMessage.swift; sourceTree = "<group>"; };
		954C1E6D1A6189D1004A6C15 /* MailboxContact.swift */ = {isa = PBXFileReference; fileEncoding = 4; lastKnownFileType = sourcecode.swift; path = MailboxContact.swift; sourceTree = "<group>"; };
		954C1E6F1A6189D1004A6C15 /* Mailbox.swift */ = {isa = PBXFileReference; fileEncoding = 4; lastKnownFileType = sourcecode.swift; path = Mailbox.swift; sourceTree = "<group>"; };
		954C1E711A618A5C004A6C15 /* Contact.swift */ = {isa = PBXFileReference; fileEncoding = 4; lastKnownFileType = sourcecode.swift; path = Contact.swift; sourceTree = "<group>"; };
		954C1E731A618A5D004A6C15 /* ContactEmail.swift */ = {isa = PBXFileReference; fileEncoding = 4; lastKnownFileType = sourcecode.swift; path = ContactEmail.swift; sourceTree = "<group>"; };
		954C1E751A618A5D004A6C15 /* ArchiveGroup.swift */ = {isa = PBXFileReference; fileEncoding = 4; lastKnownFileType = sourcecode.swift; path = ArchiveGroup.swift; sourceTree = "<group>"; };
		954C1E771A618A5D004A6C15 /* Person.swift */ = {isa = PBXFileReference; fileEncoding = 4; lastKnownFileType = sourcecode.swift; path = Person.swift; sourceTree = "<group>"; };
		954C1E791A618A5D004A6C15 /* User.swift */ = {isa = PBXFileReference; fileEncoding = 4; lastKnownFileType = sourcecode.swift; path = User.swift; sourceTree = "<group>"; };
		954C1E7B1A618A5D004A6C15 /* Archive.swift */ = {isa = PBXFileReference; fileEncoding = 4; lastKnownFileType = sourcecode.swift; path = Archive.swift; sourceTree = "<group>"; };
		954C1E7D1A618A5D004A6C15 /* Project.swift */ = {isa = PBXFileReference; fileEncoding = 4; lastKnownFileType = sourcecode.swift; path = Project.swift; sourceTree = "<group>"; };
		954C1E7F1A618A5D004A6C15 /* Company.swift */ = {isa = PBXFileReference; fileEncoding = 4; lastKnownFileType = sourcecode.swift; path = Company.swift; sourceTree = "<group>"; };
		954C1E811A618A5D004A6C15 /* Employee.swift */ = {isa = PBXFileReference; fileEncoding = 4; lastKnownFileType = sourcecode.swift; path = Employee.swift; sourceTree = "<group>"; };
		954C1E9E1A618EC0004A6C15 /* SBGestureTableView.swift */ = {isa = PBXFileReference; fileEncoding = 4; lastKnownFileType = sourcecode.swift; path = SBGestureTableView.swift; sourceTree = "<group>"; };
		954C1E9F1A618EC0004A6C15 /* SBGestureTableViewCell.swift */ = {isa = PBXFileReference; fileEncoding = 4; lastKnownFileType = sourcecode.swift; path = SBGestureTableViewCell.swift; sourceTree = "<group>"; };
		954C1EA01A618EC0004A6C15 /* SBGestureTableViewCellAction.swift */ = {isa = PBXFileReference; fileEncoding = 4; lastKnownFileType = sourcecode.swift; path = SBGestureTableViewCellAction.swift; sourceTree = "<group>"; };
		954C1EA11A618EC0004A6C15 /* SBGestureTableViewCellSideView.swift */ = {isa = PBXFileReference; fileEncoding = 4; lastKnownFileType = sourcecode.swift; path = SBGestureTableViewCellSideView.swift; sourceTree = "<group>"; };
		954C1EA81A61BC89004A6C15 /* MailboxVC.swift */ = {isa = PBXFileReference; fileEncoding = 4; lastKnownFileType = sourcecode.swift; path = MailboxVC.swift; sourceTree = "<group>"; };
		95C197511A6E84AD0060B0AC /* ImageUtils.swift */ = {isa = PBXFileReference; fileEncoding = 4; lastKnownFileType = sourcecode.swift; path = ImageUtils.swift; sourceTree = "<group>"; };
/* End PBXFileReference section */

/* Begin PBXFrameworksBuildPhase section */
		954C1E091A616226004A6C15 /* Frameworks */ = {
			isa = PBXFrameworksBuildPhase;
			buildActionMask = 2147483647;
			files = (
				3B0BE022C4895EF138B12B54 /* libPods.a in Frameworks */,
			);
			runOnlyForDeploymentPostprocessing = 0;
		};
		954C1E1E1A616226004A6C15 /* Frameworks */ = {
			isa = PBXFrameworksBuildPhase;
			buildActionMask = 2147483647;
			files = (
			);
			runOnlyForDeploymentPostprocessing = 0;
		};
/* End PBXFrameworksBuildPhase section */

/* Begin PBXGroup section */
		877ABE68F46A0DBF6FEBC0E8 /* Pods */ = {
			isa = PBXGroup;
			children = (
				062165348979C900688D7C80 /* Pods.debug.xcconfig */,
				45DAF3DE65190CAE01826705 /* Pods.release.xcconfig */,
			);
			name = Pods;
			sourceTree = "<group>";
		};
		8807729878616A2B4E554F00 /* Frameworks */ = {
			isa = PBXGroup;
			children = (
				239862CFFE69E89CC58C659F /* libPods.a */,
			);
			name = Frameworks;
			sourceTree = "<group>";
		};
		9504030B1A687E7F00F0B062 /* Utils */ = {
			isa = PBXGroup;
			children = (
				950403091A68788700F0B062 /* Timer.swift */,
				95C197511A6E84AD0060B0AC /* ImageUtils.swift */,
			);
			name = Utils;
			sourceTree = "<group>";
		};
		954C1E031A616226004A6C15 = {
			isa = PBXGroup;
			children = (
				954C1E0E1A616226004A6C15 /* iStartSiteSwift */,
				954C1E241A616226004A6C15 /* iStartSiteSwiftTests */,
				954C1E0D1A616226004A6C15 /* Products */,
				877ABE68F46A0DBF6FEBC0E8 /* Pods */,
				8807729878616A2B4E554F00 /* Frameworks */,
			);
			sourceTree = "<group>";
		};
		954C1E0D1A616226004A6C15 /* Products */ = {
			isa = PBXGroup;
			children = (
				954C1E0C1A616226004A6C15 /* iStartSiteSwift.app */,
				954C1E211A616226004A6C15 /* iStartSiteSwiftTests.xctest */,
			);
			name = Products;
			sourceTree = "<group>";
		};
		954C1E0E1A616226004A6C15 /* iStartSiteSwift */ = {
			isa = PBXGroup;
			children = (
				954C1E111A616226004A6C15 /* AppDelegate.swift */,
				954C1E9C1A618DD6004A6C15 /* Control */,
				954C1E651A61894F004A6C15 /* Model */,
				954C1E661A618957004A6C15 /* View */,
				9504030B1A687E7F00F0B062 /* Utils */,
				954C1E0F1A616226004A6C15 /* Supporting Files */,
			);
			path = iStartSiteSwift;
			sourceTree = "<group>";
		};
		954C1E0F1A616226004A6C15 /* Supporting Files */ = {
			isa = PBXGroup;
			children = (
				954C1E611A616FAB004A6C15 /* iStartSiteSwift-Bridging-Header.h */,
				954C1E101A616226004A6C15 /* Info.plist */,
			);
			name = "Supporting Files";
			sourceTree = "<group>";
		};
		954C1E241A616226004A6C15 /* iStartSiteSwiftTests */ = {
			isa = PBXGroup;
			children = (
				954C1E271A616226004A6C15 /* iStartSiteSwiftTests.swift */,
				954C1E251A616226004A6C15 /* Supporting Files */,
			);
			path = iStartSiteSwiftTests;
			sourceTree = "<group>";
		};
		954C1E251A616226004A6C15 /* Supporting Files */ = {
			isa = PBXGroup;
			children = (
				954C1E261A616226004A6C15 /* Info.plist */,
			);
			name = "Supporting Files";
			sourceTree = "<group>";
		};
		954C1E651A61894F004A6C15 /* Model */ = {
			isa = PBXGroup;
			children = (
				954C1E621A617129004A6C15 /* iStartSiteSwift.xcdatamodeld */,
				954C1E681A618977004A6C15 /* bipo */,
				954C1E671A61896E004A6C15 /* mailbox */,
			);
			name = Model;
			sourceTree = "<group>";
		};
		954C1E661A618957004A6C15 /* View */ = {
			isa = PBXGroup;
			children = (
				954C1E9D1A618EC0004A6C15 /* SBGestureTableView */,
				954C1E151A616226004A6C15 /* Main.storyboard */,
				954C1E1A1A616226004A6C15 /* LaunchScreen.xib */,
				954C1E181A616226004A6C15 /* Images.xcassets */,
			);
			name = View;
			sourceTree = "<group>";
		};
		954C1E671A61896E004A6C15 /* mailbox */ = {
			isa = PBXGroup;
			children = (
				954C1E6F1A6189D1004A6C15 /* Mailbox.swift */,
				954C1E6D1A6189D1004A6C15 /* MailboxContact.swift */,
				954C1E6B1A6189D1004A6C15 /* MailboxMessage.swift */,
				954C1E691A6189D0004A6C15 /* MailboxFolder.swift */,
			);
			name = mailbox;
			sourceTree = "<group>";
		};
		954C1E681A618977004A6C15 /* bipo */ = {
			isa = PBXGroup;
			children = (
				954C1E811A618A5D004A6C15 /* Employee.swift */,
				954C1E7F1A618A5D004A6C15 /* Company.swift */,
				954C1E7D1A618A5D004A6C15 /* Project.swift */,
				954C1E7B1A618A5D004A6C15 /* Archive.swift */,
				954C1E791A618A5D004A6C15 /* User.swift */,
				954C1E771A618A5D004A6C15 /* Person.swift */,
				954C1E751A618A5D004A6C15 /* ArchiveGroup.swift */,
				954C1E731A618A5D004A6C15 /* ContactEmail.swift */,
				954C1E711A618A5C004A6C15 /* Contact.swift */,
			);
			name = bipo;
			sourceTree = "<group>";
		};
		954C1E9C1A618DD6004A6C15 /* Control */ = {
			isa = PBXGroup;
			children = (
				9531F11E1A688900006DFACA /* ContainerViewController.swift */,
				950403051A64A28D00F0B062 /* Categories.swift */,
				954C1E131A616226004A6C15 /* SlideMenuVC.swift */,
				954C1EA81A61BC89004A6C15 /* MailboxVC.swift */,
				950403071A65E84F00F0B062 /* MailboxManager.swift */,
				9531F1201A6889BE006DFACA /* MenuVC.swift */,
				9531F1241A69E5E9006DFACA /* LoginVC.swift */,
				9531F12A1A6AA142006DFACA /* LoginService.swift */,
				9531F12C1A6B4B94006DFACA /* Settings.swift */,
			);
			name = Control;
			sourceTree = "<group>";
		};
		954C1E9D1A618EC0004A6C15 /* SBGestureTableView */ = {
			isa = PBXGroup;
			children = (
				954C1E9E1A618EC0004A6C15 /* SBGestureTableView.swift */,
				954C1E9F1A618EC0004A6C15 /* SBGestureTableViewCell.swift */,
				954C1EA01A618EC0004A6C15 /* SBGestureTableViewCellAction.swift */,
				954C1EA11A618EC0004A6C15 /* SBGestureTableViewCellSideView.swift */,
			);
			path = SBGestureTableView;
			sourceTree = "<group>";
		};
/* End PBXGroup section */

/* Begin PBXNativeTarget section */
		954C1E0B1A616226004A6C15 /* iStartSiteSwift */ = {
			isa = PBXNativeTarget;
			buildConfigurationList = 954C1E2B1A616226004A6C15 /* Build configuration list for PBXNativeTarget "iStartSiteSwift" */;
			buildPhases = (
				F4B20582A737AC69DEE71112 /* Check Pods Manifest.lock */,
				954C1E081A616226004A6C15 /* Sources */,
				954C1E091A616226004A6C15 /* Frameworks */,
				954C1E0A1A616226004A6C15 /* Resources */,
				A70F97E35CB5784BFDB9EDED /* Copy Pods Resources */,
			);
			buildRules = (
			);
			dependencies = (
			);
			name = iStartSiteSwift;
			productName = iStartSiteSwift;
			productReference = 954C1E0C1A616226004A6C15 /* iStartSiteSwift.app */;
			productType = "com.apple.product-type.application";
		};
		954C1E201A616226004A6C15 /* iStartSiteSwiftTests */ = {
			isa = PBXNativeTarget;
			buildConfigurationList = 954C1E2E1A616226004A6C15 /* Build configuration list for PBXNativeTarget "iStartSiteSwiftTests" */;
			buildPhases = (
				954C1E1D1A616226004A6C15 /* Sources */,
				954C1E1E1A616226004A6C15 /* Frameworks */,
				954C1E1F1A616226004A6C15 /* Resources */,
			);
			buildRules = (
			);
			dependencies = (
				954C1E231A616226004A6C15 /* PBXTargetDependency */,
			);
			name = iStartSiteSwiftTests;
			productName = iStartSiteSwiftTests;
			productReference = 954C1E211A616226004A6C15 /* iStartSiteSwiftTests.xctest */;
			productType = "com.apple.product-type.bundle.unit-test";
		};
/* End PBXNativeTarget section */

/* Begin PBXProject section */
		954C1E041A616226004A6C15 /* Project object */ = {
			isa = PBXProject;
			attributes = {
				LastUpgradeCheck = 0610;
				ORGANIZATIONNAME = "Szilard Antal";
				TargetAttributes = {
					954C1E0B1A616226004A6C15 = {
						CreatedOnToolsVersion = 6.1.1;
					};
					954C1E201A616226004A6C15 = {
						CreatedOnToolsVersion = 6.1.1;
						TestTargetID = 954C1E0B1A616226004A6C15;
					};
				};
			};
			buildConfigurationList = 954C1E071A616226004A6C15 /* Build configuration list for PBXProject "iStartSiteSwift" */;
			compatibilityVersion = "Xcode 3.2";
			developmentRegion = English;
			hasScannedForEncodings = 0;
			knownRegions = (
				en,
				Base,
			);
			mainGroup = 954C1E031A616226004A6C15;
			productRefGroup = 954C1E0D1A616226004A6C15 /* Products */;
			projectDirPath = "";
			projectRoot = "";
			targets = (
				954C1E0B1A616226004A6C15 /* iStartSiteSwift */,
				954C1E201A616226004A6C15 /* iStartSiteSwiftTests */,
			);
		};
/* End PBXProject section */

/* Begin PBXResourcesBuildPhase section */
		954C1E0A1A616226004A6C15 /* Resources */ = {
			isa = PBXResourcesBuildPhase;
			buildActionMask = 2147483647;
			files = (
				954C1E171A616226004A6C15 /* Main.storyboard in Resources */,
				954C1E1C1A616226004A6C15 /* LaunchScreen.xib in Resources */,
				954C1E191A616226004A6C15 /* Images.xcassets in Resources */,
			);
			runOnlyForDeploymentPostprocessing = 0;
		};
		954C1E1F1A616226004A6C15 /* Resources */ = {
			isa = PBXResourcesBuildPhase;
			buildActionMask = 2147483647;
			files = (
			);
			runOnlyForDeploymentPostprocessing = 0;
		};
/* End PBXResourcesBuildPhase section */

/* Begin PBXShellScriptBuildPhase section */
		A70F97E35CB5784BFDB9EDED /* Copy Pods Resources */ = {
			isa = PBXShellScriptBuildPhase;
			buildActionMask = 2147483647;
			files = (
			);
			inputPaths = (
			);
			name = "Copy Pods Resources";
			outputPaths = (
			);
			runOnlyForDeploymentPostprocessing = 0;
			shellPath = /bin/sh;
			shellScript = "\"${SRCROOT}/Pods/Target Support Files/Pods/Pods-resources.sh\"\n";
			showEnvVarsInLog = 0;
		};
		F4B20582A737AC69DEE71112 /* Check Pods Manifest.lock */ = {
			isa = PBXShellScriptBuildPhase;
			buildActionMask = 2147483647;
			files = (
			);
			inputPaths = (
			);
			name = "Check Pods Manifest.lock";
			outputPaths = (
			);
			runOnlyForDeploymentPostprocessing = 0;
			shellPath = /bin/sh;
			shellScript = "diff \"${PODS_ROOT}/../Podfile.lock\" \"${PODS_ROOT}/Manifest.lock\" > /dev/null\nif [[ $? != 0 ]] ; then\n    cat << EOM\nerror: The sandbox is not in sync with the Podfile.lock. Run 'pod install' or update your CocoaPods installation.\nEOM\n    exit 1\nfi\n";
			showEnvVarsInLog = 0;
		};
/* End PBXShellScriptBuildPhase section */

/* Begin PBXSourcesBuildPhase section */
		954C1E081A616226004A6C15 /* Sources */ = {
			isa = PBXSourcesBuildPhase;
			buildActionMask = 2147483647;
			files = (
				954C1E641A617129004A6C15 /* iStartSiteSwift.xcdatamodeld in Sources */,
				9531F1211A6889BE006DFACA /* MenuVC.swift in Sources */,
				954C1EA41A618EC0004A6C15 /* SBGestureTableViewCellAction.swift in Sources */,
				954C1E6C1A6189D1004A6C15 /* MailboxMessage.swift in Sources */,
				950403061A64A28D00F0B062 /* Categories.swift in Sources */,
				954C1E741A618A5D004A6C15 /* ContactEmail.swift in Sources */,
				954C1E701A6189D1004A6C15 /* Mailbox.swift in Sources */,
				9504030A1A68788700F0B062 /* Timer.swift in Sources */,
				954C1E781A618A5D004A6C15 /* Person.swift in Sources */,
				954C1EA31A618EC0004A6C15 /* SBGestureTableViewCell.swift in Sources */,
				954C1E7E1A618A5D004A6C15 /* Project.swift in Sources */,
				954C1E141A616226004A6C15 /* SlideMenuVC.swift in Sources */,
				954C1E721A618A5C004A6C15 /* Contact.swift in Sources */,
				954C1EA21A618EC0004A6C15 /* SBGestureTableView.swift in Sources */,
				954C1E801A618A5D004A6C15 /* Company.swift in Sources */,
				954C1E821A618A5D004A6C15 /* Employee.swift in Sources */,
				9531F12D1A6B4B94006DFACA /* Settings.swift in Sources */,
				950403081A65E84F00F0B062 /* MailboxManager.swift in Sources */,
				954C1EA51A618EC0004A6C15 /* SBGestureTableViewCellSideView.swift in Sources */,
				954C1E6A1A6189D0004A6C15 /* MailboxFolder.swift in Sources */,
				9531F11F1A688900006DFACA /* ContainerViewController.swift in Sources */,
				954C1E7A1A618A5D004A6C15 /* User.swift in Sources */,
				954C1E121A616226004A6C15 /* AppDelegate.swift in Sources */,
				95C197521A6E84AD0060B0AC /* ImageUtils.swift in Sources */,
				9531F1251A69E5E9006DFACA /* LoginVC.swift in Sources */,
				9531F12B1A6AA142006DFACA /* LoginService.swift in Sources */,
				954C1E761A618A5D004A6C15 /* ArchiveGroup.swift in Sources */,
				954C1E7C1A618A5D004A6C15 /* Archive.swift in Sources */,
				954C1EA91A61BC89004A6C15 /* MailboxVC.swift in Sources */,
				954C1E6E1A6189D1004A6C15 /* MailboxContact.swift in Sources */,
			);
			runOnlyForDeploymentPostprocessing = 0;
		};
		954C1E1D1A616226004A6C15 /* Sources */ = {
			isa = PBXSourcesBuildPhase;
			buildActionMask = 2147483647;
			files = (
				954C1E281A616226004A6C15 /* iStartSiteSwiftTests.swift in Sources */,
			);
			runOnlyForDeploymentPostprocessing = 0;
		};
/* End PBXSourcesBuildPhase section */

/* Begin PBXTargetDependency section */
		954C1E231A616226004A6C15 /* PBXTargetDependency */ = {
			isa = PBXTargetDependency;
			target = 954C1E0B1A616226004A6C15 /* iStartSiteSwift */;
			targetProxy = 954C1E221A616226004A6C15 /* PBXContainerItemProxy */;
		};
/* End PBXTargetDependency section */

/* Begin PBXVariantGroup section */
		954C1E151A616226004A6C15 /* Main.storyboard */ = {
			isa = PBXVariantGroup;
			children = (
				954C1E161A616226004A6C15 /* Base */,
			);
			name = Main.storyboard;
			sourceTree = "<group>";
		};
		954C1E1A1A616226004A6C15 /* LaunchScreen.xib */ = {
			isa = PBXVariantGroup;
			children = (
				954C1E1B1A616226004A6C15 /* Base */,
			);
			name = LaunchScreen.xib;
			sourceTree = "<group>";
		};
/* End PBXVariantGroup section */

/* Begin XCBuildConfiguration section */
		954C1E291A616226004A6C15 /* Debug */ = {
			isa = XCBuildConfiguration;
			buildSettings = {
				ALWAYS_SEARCH_USER_PATHS = NO;
				CLANG_CXX_LANGUAGE_STANDARD = "gnu++0x";
				CLANG_CXX_LIBRARY = "libc++";
				CLANG_ENABLE_MODULES = YES;
				CLANG_ENABLE_OBJC_ARC = YES;
				CLANG_WARN_BOOL_CONVERSION = YES;
				CLANG_WARN_CONSTANT_CONVERSION = YES;
				CLANG_WARN_DIRECT_OBJC_ISA_USAGE = YES_ERROR;
				CLANG_WARN_EMPTY_BODY = YES;
				CLANG_WARN_ENUM_CONVERSION = YES;
				CLANG_WARN_INT_CONVERSION = YES;
				CLANG_WARN_OBJC_ROOT_CLASS = YES_ERROR;
				CLANG_WARN_UNREACHABLE_CODE = YES;
				CLANG_WARN__DUPLICATE_METHOD_MATCH = YES;
				"CODE_SIGN_IDENTITY[sdk=iphoneos*]" = "iPhone Developer";
				COPY_PHASE_STRIP = NO;
				ENABLE_STRICT_OBJC_MSGSEND = YES;
				GCC_C_LANGUAGE_STANDARD = gnu99;
				GCC_DYNAMIC_NO_PIC = NO;
				GCC_OPTIMIZATION_LEVEL = 0;
				GCC_PREPROCESSOR_DEFINITIONS = (
					"DEBUG=1",
					"$(inherited)",
				);
				GCC_SYMBOLS_PRIVATE_EXTERN = NO;
				GCC_WARN_64_TO_32_BIT_CONVERSION = YES;
				GCC_WARN_ABOUT_RETURN_TYPE = YES_ERROR;
				GCC_WARN_UNDECLARED_SELECTOR = YES;
				GCC_WARN_UNINITIALIZED_AUTOS = YES_AGGRESSIVE;
				GCC_WARN_UNUSED_FUNCTION = YES;
				GCC_WARN_UNUSED_VARIABLE = YES;
				IPHONEOS_DEPLOYMENT_TARGET = 8.1;
				MTL_ENABLE_DEBUG_INFO = YES;
				ONLY_ACTIVE_ARCH = YES;
				SDKROOT = iphoneos;
				SWIFT_OPTIMIZATION_LEVEL = "-Onone";
			};
			name = Debug;
		};
		954C1E2A1A616226004A6C15 /* Release */ = {
			isa = XCBuildConfiguration;
			buildSettings = {
				ALWAYS_SEARCH_USER_PATHS = NO;
				CLANG_CXX_LANGUAGE_STANDARD = "gnu++0x";
				CLANG_CXX_LIBRARY = "libc++";
				CLANG_ENABLE_MODULES = YES;
				CLANG_ENABLE_OBJC_ARC = YES;
				CLANG_WARN_BOOL_CONVERSION = YES;
				CLANG_WARN_CONSTANT_CONVERSION = YES;
				CLANG_WARN_DIRECT_OBJC_ISA_USAGE = YES_ERROR;
				CLANG_WARN_EMPTY_BODY = YES;
				CLANG_WARN_ENUM_CONVERSION = YES;
				CLANG_WARN_INT_CONVERSION = YES;
				CLANG_WARN_OBJC_ROOT_CLASS = YES_ERROR;
				CLANG_WARN_UNREACHABLE_CODE = YES;
				CLANG_WARN__DUPLICATE_METHOD_MATCH = YES;
				"CODE_SIGN_IDENTITY[sdk=iphoneos*]" = "iPhone Developer";
				COPY_PHASE_STRIP = YES;
				ENABLE_NS_ASSERTIONS = NO;
				ENABLE_STRICT_OBJC_MSGSEND = YES;
				GCC_C_LANGUAGE_STANDARD = gnu99;
				GCC_WARN_64_TO_32_BIT_CONVERSION = YES;
				GCC_WARN_ABOUT_RETURN_TYPE = YES_ERROR;
				GCC_WARN_UNDECLARED_SELECTOR = YES;
				GCC_WARN_UNINITIALIZED_AUTOS = YES_AGGRESSIVE;
				GCC_WARN_UNUSED_FUNCTION = YES;
				GCC_WARN_UNUSED_VARIABLE = YES;
				IPHONEOS_DEPLOYMENT_TARGET = 8.1;
				MTL_ENABLE_DEBUG_INFO = NO;
				SDKROOT = iphoneos;
				VALIDATE_PRODUCT = YES;
			};
			name = Release;
		};
		954C1E2C1A616226004A6C15 /* Debug */ = {
			isa = XCBuildConfiguration;
			baseConfigurationReference = 062165348979C900688D7C80 /* Pods.debug.xcconfig */;
			buildSettings = {
				ASSETCATALOG_COMPILER_APPICON_NAME = AppIcon;
				FRAMEWORK_SEARCH_PATHS = (
					"$(inherited)",
					"$(PROJECT_DIR)",
				);
				INFOPLIST_FILE = iStartSiteSwift/Info.plist;
				LD_RUNPATH_SEARCH_PATHS = "$(inherited) @executable_path/Frameworks";
				PRODUCT_NAME = "$(TARGET_NAME)";
				SWIFT_OBJC_BRIDGING_HEADER = "iStartSiteSwift/iStartSiteSwift-Bridging-Header.h";
			};
			name = Debug;
		};
		954C1E2D1A616226004A6C15 /* Release */ = {
			isa = XCBuildConfiguration;
			baseConfigurationReference = 45DAF3DE65190CAE01826705 /* Pods.release.xcconfig */;
			buildSettings = {
				ASSETCATALOG_COMPILER_APPICON_NAME = AppIcon;
				FRAMEWORK_SEARCH_PATHS = (
					"$(inherited)",
					"$(PROJECT_DIR)",
				);
				INFOPLIST_FILE = iStartSiteSwift/Info.plist;
				LD_RUNPATH_SEARCH_PATHS = "$(inherited) @executable_path/Frameworks";
				PRODUCT_NAME = "$(TARGET_NAME)";
				SWIFT_OBJC_BRIDGING_HEADER = "iStartSiteSwift/iStartSiteSwift-Bridging-Header.h";
			};
			name = Release;
		};
		954C1E2F1A616226004A6C15 /* Debug */ = {
			isa = XCBuildConfiguration;
			buildSettings = {
				BUNDLE_LOADER = "$(TEST_HOST)";
				FRAMEWORK_SEARCH_PATHS = (
					"$(SDKROOT)/Developer/Library/Frameworks",
					"$(inherited)",
				);
				GCC_PREPROCESSOR_DEFINITIONS = (
					"DEBUG=1",
					"$(inherited)",
				);
				INFOPLIST_FILE = iStartSiteSwiftTests/Info.plist;
				LD_RUNPATH_SEARCH_PATHS = "$(inherited) @executable_path/Frameworks @loader_path/Frameworks";
				PRODUCT_NAME = "$(TARGET_NAME)";
				TEST_HOST = "$(BUILT_PRODUCTS_DIR)/iStartSiteSwift.app/iStartSiteSwift";
			};
			name = Debug;
		};
		954C1E301A616226004A6C15 /* Release */ = {
			isa = XCBuildConfiguration;
			buildSettings = {
				BUNDLE_LOADER = "$(TEST_HOST)";
				FRAMEWORK_SEARCH_PATHS = (
					"$(SDKROOT)/Developer/Library/Frameworks",
					"$(inherited)",
				);
				INFOPLIST_FILE = iStartSiteSwiftTests/Info.plist;
				LD_RUNPATH_SEARCH_PATHS = "$(inherited) @executable_path/Frameworks @loader_path/Frameworks";
				PRODUCT_NAME = "$(TARGET_NAME)";
				TEST_HOST = "$(BUILT_PRODUCTS_DIR)/iStartSiteSwift.app/iStartSiteSwift";
			};
			name = Release;
		};
/* End XCBuildConfiguration section */

/* Begin XCConfigurationList section */
		954C1E071A616226004A6C15 /* Build configuration list for PBXProject "iStartSiteSwift" */ = {
			isa = XCConfigurationList;
			buildConfigurations = (
				954C1E291A616226004A6C15 /* Debug */,
				954C1E2A1A616226004A6C15 /* Release */,
			);
			defaultConfigurationIsVisible = 0;
			defaultConfigurationName = Release;
		};
		954C1E2B1A616226004A6C15 /* Build configuration list for PBXNativeTarget "iStartSiteSwift" */ = {
			isa = XCConfigurationList;
			buildConfigurations = (
				954C1E2C1A616226004A6C15 /* Debug */,
				954C1E2D1A616226004A6C15 /* Release */,
			);
			defaultConfigurationIsVisible = 0;
			defaultConfigurationName = Release;
		};
		954C1E2E1A616226004A6C15 /* Build configuration list for PBXNativeTarget "iStartSiteSwiftTests" */ = {
			isa = XCConfigurationList;
			buildConfigurations = (
				954C1E2F1A616226004A6C15 /* Debug */,
				954C1E301A616226004A6C15 /* Release */,
			);
			defaultConfigurationIsVisible = 0;
			defaultConfigurationName = Release;
		};
/* End XCConfigurationList section */

/* Begin XCVersionGroup section */
		954C1E621A617129004A6C15 /* iStartSiteSwift.xcdatamodeld */ = {
			isa = XCVersionGroup;
			children = (
				954C1E631A617129004A6C15 /* iStartSiteSwift.xcdatamodel */,
			);
			currentVersion = 954C1E631A617129004A6C15 /* iStartSiteSwift.xcdatamodel */;
			path = iStartSiteSwift.xcdatamodeld;
			sourceTree = "<group>";
			versionGroupType = wrapper.xcdatamodel;
		};
/* End XCVersionGroup section */
	};
	rootObject = 954C1E041A616226004A6C15 /* Project object */;
}
