// !$*UTF8*$!
{
	archiveVersion = 1;
	classes = {
	};
	objectVersion = 46;
	objects = {

/* Begin PBXBuildFile section */
		954C1E121A616226004A6C15 /* AppDelegate.swift in Sources */ = {isa = PBXBuildFile; fileRef = 954C1E111A616226004A6C15 /* AppDelegate.swift */; };
		954C1E141A616226004A6C15 /* ViewController.swift in Sources */ = {isa = PBXBuildFile; fileRef = 954C1E131A616226004A6C15 /* ViewController.swift */; };
		954C1E171A616226004A6C15 /* Main.storyboard in Resources */ = {isa = PBXBuildFile; fileRef = 954C1E151A616226004A6C15 /* Main.storyboard */; };
		954C1E191A616226004A6C15 /* Images.xcassets in Resources */ = {isa = PBXBuildFile; fileRef = 954C1E181A616226004A6C15 /* Images.xcassets */; };
		954C1E1C1A616226004A6C15 /* LaunchScreen.xib in Resources */ = {isa = PBXBuildFile; fileRef = 954C1E1A1A616226004A6C15 /* LaunchScreen.xib */; };
		954C1E281A616226004A6C15 /* iStartSiteSwiftTests.swift in Sources */ = {isa = PBXBuildFile; fileRef = 954C1E271A616226004A6C15 /* iStartSiteSwiftTests.swift */; };
/* End PBXBuildFile section */

/* Begin PBXContainerItemProxy section */
		954C1E221A616226004A6C15 /* PBXContainerItemProxy */ = {
			isa = PBXContainerItemProxy;
			containerPortal = 954C1E041A616226004A6C15 /* Project object */;
			proxyType = 1;
			remoteGlobalIDString = 954C1E0B1A616226004A6C15;
			remoteInfo = iStartSiteSwift;
		};
/* End PBXContainerItemProxy section */

/* Begin PBXFileReference section */
		954C1E0C1A616226004A6C15 /* iStartSiteSwift.app */ = {isa = PBXFileReference; explicitFileType = wrapper.application; includeInIndex = 0; path = iStartSiteSwift.app; sourceTree = BUILT_PRODUCTS_DIR; };
		954C1E101A616226004A6C15 /* Info.plist */ = {isa = PBXFileReference; lastKnownFileType = text.plist.xml; path = Info.plist; sourceTree = "<group>"; };
		954C1E111A616226004A6C15 /* AppDelegate.swift */ = {isa = PBXFileReference; lastKnownFileType = sourcecode.swift; path = AppDelegate.swift; sourceTree = "<group>"; };
		954C1E131A616226004A6C15 /* ViewController.swift */ = {isa = PBXFileReference; lastKnownFileType = sourcecode.swift; path = ViewController.swift; sourceTree = "<group>"; };
		954C1E161A616226004A6C15 /* Base */ = {isa = PBXFileReference; lastKnownFileType = file.storyboard; name = Base; path = Base.lproj/Main.storyboard; sourceTree = "<group>"; };
		954C1E181A616226004A6C15 /* Images.xcassets */ = {isa = PBXFileReference; lastKnownFileType = folder.assetcatalog; path = Images.xcassets; sourceTree = "<group>"; };
		954C1E1B1A616226004A6C15 /* Base */ = {isa = PBXFileReference; lastKnownFileType = file.xib; name = Base; path = Base.lproj/LaunchScreen.xib; sourceTree = "<group>"; };
		954C1E211A616226004A6C15 /* iStartSiteSwiftTests.xctest */ = {isa = PBXFileReference; explicitFileType = wrapper.cfbundle; includeInIndex = 0; path = iStartSiteSwiftTests.xctest; sourceTree = BUILT_PRODUCTS_DIR; };
		954C1E261A616226004A6C15 /* Info.plist */ = {isa = PBXFileReference; lastKnownFileType = text.plist.xml; path = Info.plist; sourceTree = "<group>"; };
		954C1E271A616226004A6C15 /* iStartSiteSwiftTests.swift */ = {isa = PBXFileReference; lastKnownFileType = sourcecode.swift; path = iStartSiteSwiftTests.swift; sourceTree = "<group>"; };
/* End PBXFileReference section */

/* Begin PBXFrameworksBuildPhase section */
		954C1E091A616226004A6C15 /* Frameworks */ = {
			isa = PBXFrameworksBuildPhase;
			buildActionMask = 2147483647;
			files = (
			);
			runOnlyForDeploymentPostprocessing = 0;
		};
		954C1E1E1A616226004A6C15 /* Frameworks */ = {
			isa = PBXFrameworksBuildPhase;
			buildActionMask = 2147483647;
			files = (
			);
			runOnlyForDeploymentPostprocessing = 0;
		};
/* End PBXFrameworksBuildPhase section */

/* Begin PBXGroup section */
		954C1E031A616226004A6C15 = {
			isa = PBXGroup;
			children = (
				954C1E0E1A616226004A6C15 /* iStartSiteSwift */,
				954C1E241A616226004A6C15 /* iStartSiteSwiftTests */,
				954C1E0D1A616226004A6C15 /* Products */,
			);
			sourceTree = "<group>";
		};
		954C1E0D1A616226004A6C15 /* Products */ = {
			isa = PBXGroup;
			children = (
				954C1E0C1A616226004A6C15 /* iStartSiteSwift.app */,
				954C1E211A616226004A6C15 /* iStartSiteSwiftTests.xctest */,
			);
			name = Products;
			sourceTree = "<group>";
		};
		954C1E0E1A616226004A6C15 /* iStartSiteSwift */ = {
			isa = PBXGroup;
			children = (
				954C1E111A616226004A6C15 /* AppDelegate.swift */,
				954C1E131A616226004A6C15 /* ViewController.swift */,
				954C1E151A616226004A6C15 /* Main.storyboard */,
				954C1E181A616226004A6C15 /* Images.xcassets */,
				954C1E1A1A616226004A6C15 /* LaunchScreen.xib */,
				954C1E0F1A616226004A6C15 /* Supporting Files */,
			);
			path = iStartSiteSwift;
			sourceTree = "<group>";
		};
		954C1E0F1A616226004A6C15 /* Supporting Files */ = {
			isa = PBXGroup;
			children = (
				954C1E101A616226004A6C15 /* Info.plist */,
			);
			name = "Supporting Files";
			sourceTree = "<group>";
		};
		954C1E241A616226004A6C15 /* iStartSiteSwiftTests */ = {
			isa = PBXGroup;
			children = (
				954C1E271A616226004A6C15 /* iStartSiteSwiftTests.swift */,
				954C1E251A616226004A6C15 /* Supporting Files */,
			);
			path = iStartSiteSwiftTests;
			sourceTree = "<group>";
		};
		954C1E251A616226004A6C15 /* Supporting Files */ = {
			isa = PBXGroup;
			children = (
				954C1E261A616226004A6C15 /* Info.plist */,
			);
			name = "Supporting Files";
			sourceTree = "<group>";
		};
/* End PBXGroup section */

/* Begin PBXNativeTarget section */
		954C1E0B1A616226004A6C15 /* iStartSiteSwift */ = {
			isa = PBXNativeTarget;
			buildConfigurationList = 954C1E2B1A616226004A6C15 /* Build configuration list for PBXNativeTarget "iStartSiteSwift" */;
			buildPhases = (
				954C1E081A616226004A6C15 /* Sources */,
				954C1E091A616226004A6C15 /* Frameworks */,
				954C1E0A1A616226004A6C15 /* Resources */,
			);
			buildRules = (
			);
			dependencies = (
			);
			name = iStartSiteSwift;
			productName = iStartSiteSwift;
			productReference = 954C1E0C1A616226004A6C15 /* iStartSiteSwift.app */;
			productType = "com.apple.product-type.application";
		};
		954C1E201A616226004A6C15 /* iStartSiteSwiftTests */ = {
			isa = PBXNativeTarget;
			buildConfigurationList = 954C1E2E1A616226004A6C15 /* Build configuration list for PBXNativeTarget "iStartSiteSwiftTests" */;
			buildPhases = (
				954C1E1D1A616226004A6C15 /* Sources */,
				954C1E1E1A616226004A6C15 /* Frameworks */,
				954C1E1F1A616226004A6C15 /* Resources */,
			);
			buildRules = (
			);
			dependencies = (
				954C1E231A616226004A6C15 /* PBXTargetDependency */,
			);
			name = iStartSiteSwiftTests;
			productName = iStartSiteSwiftTests;
			productReference = 954C1E211A616226004A6C15 /* iStartSiteSwiftTests.xctest */;
			productType = "com.apple.product-type.bundle.unit-test";
		};
/* End PBXNativeTarget section */

/* Begin PBXProject section */
		954C1E041A616226004A6C15 /* Project object */ = {
			isa = PBXProject;
			attributes = {
				LastUpgradeCheck = 0610;
				ORGANIZATIONNAME = "Szilard Antal";
				TargetAttributes = {
					954C1E0B1A616226004A6C15 = {
						CreatedOnToolsVersion = 6.1.1;
					};
					954C1E201A616226004A6C15 = {
						CreatedOnToolsVersion = 6.1.1;
						TestTargetID = 954C1E0B1A616226004A6C15;
					};
				};
			};
			buildConfigurationList = 954C1E071A616226004A6C15 /* Build configuration list for PBXProject "iStartSiteSwift" */;
			compatibilityVersion = "Xcode 3.2";
			developmentRegion = English;
			hasScannedForEncodings = 0;
			knownRegions = (
				en,
				Base,
			);
			mainGroup = 954C1E031A616226004A6C15;
			productRefGroup = 954C1E0D1A616226004A6C15 /* Products */;
			projectDirPath = "";
			projectRoot = "";
			targets = (
				954C1E0B1A616226004A6C15 /* iStartSiteSwift */,
				954C1E201A616226004A6C15 /* iStartSiteSwiftTests */,
			);
		};
/* End PBXProject section */

/* Begin PBXResourcesBuildPhase section */
		954C1E0A1A616226004A6C15 /* Resources */ = {
			isa = PBXResourcesBuildPhase;
			buildActionMask = 2147483647;
			files = (
				954C1E171A616226004A6C15 /* Main.storyboard in Resources */,
				954C1E1C1A616226004A6C15 /* LaunchScreen.xib in Resources */,
				954C1E191A616226004A6C15 /* Images.xcassets in Resources */,
			);
			runOnlyForDeploymentPostprocessing = 0;
		};
		954C1E1F1A616226004A6C15 /* Resources */ = {
			isa = PBXResourcesBuildPhase;
			buildActionMask = 2147483647;
			files = (
			);
			runOnlyForDeploymentPostprocessing = 0;
		};
/* End PBXResourcesBuildPhase section */

/* Begin PBXSourcesBuildPhase section */
		954C1E081A616226004A6C15 /* Sources */ = {
			isa = PBXSourcesBuildPhase;
			buildActionMask = 2147483647;
			files = (
				954C1E141A616226004A6C15 /* ViewController.swift in Sources */,
				954C1E121A616226004A6C15 /* AppDelegate.swift in Sources */,
			);
			runOnlyForDeploymentPostprocessing = 0;
		};
		954C1E1D1A616226004A6C15 /* Sources */ = {
			isa = PBXSourcesBuildPhase;
			buildActionMask = 2147483647;
			files = (
				954C1E281A616226004A6C15 /* iStartSiteSwiftTests.swift in Sources */,
			);
			runOnlyForDeploymentPostprocessing = 0;
		};
/* End PBXSourcesBuildPhase section */

/* Begin PBXTargetDependency section */
		954C1E231A616226004A6C15 /* PBXTargetDependency */ = {
			isa = PBXTargetDependency;
			target = 954C1E0B1A616226004A6C15 /* iStartSiteSwift */;
			targetProxy = 954C1E221A616226004A6C15 /* PBXContainerItemProxy */;
		};
/* End PBXTargetDependency section */

/* Begin PBXVariantGroup section */
		954C1E151A616226004A6C15 /* Main.storyboard */ = {
			isa = PBXVariantGroup;
			children = (
				954C1E161A616226004A6C15 /* Base */,
			);
			name = Main.storyboard;
			sourceTree = "<group>";
		};
		954C1E1A1A616226004A6C15 /* LaunchScreen.xib */ = {
			isa = PBXVariantGroup;
			children = (
				954C1E1B1A616226004A6C15 /* Base */,
			);
			name = LaunchScreen.xib;
			sourceTree = "<group>";
		};
/* End PBXVariantGroup section */

/* Begin XCBuildConfiguration section */
		954C1E291A616226004A6C15 /* Debug */ = {
			isa = XCBuildConfiguration;
			buildSettings = {
				ALWAYS_SEARCH_USER_PATHS = NO;
				CLANG_CXX_LANGUAGE_STANDARD = "gnu++0x";
				CLANG_CXX_LIBRARY = "libc++";
				CLANG_ENABLE_MODULES = YES;
				CLANG_ENABLE_OBJC_ARC = YES;
				CLANG_WARN_BOOL_CONVERSION = YES;
				CLANG_WARN_CONSTANT_CONVERSION = YES;
				CLANG_WARN_DIRECT_OBJC_ISA_USAGE = YES_ERROR;
				CLANG_WARN_EMPTY_BODY = YES;
				CLANG_WARN_ENUM_CONVERSION = YES;
				CLANG_WARN_INT_CONVERSION = YES;
				CLANG_WARN_OBJC_ROOT_CLASS = YES_ERROR;
				CLANG_WARN_UNREACHABLE_CODE = YES;
				CLANG_WARN__DUPLICATE_METHOD_MATCH = YES;
				"CODE_SIGN_IDENTITY[sdk=iphoneos*]" = "iPhone Developer";
				COPY_PHASE_STRIP = NO;
				ENABLE_STRICT_OBJC_MSGSEND = YES;
				GCC_C_LANGUAGE_STANDARD = gnu99;
				GCC_DYNAMIC_NO_PIC = NO;
				GCC_OPTIMIZATION_LEVEL = 0;
				GCC_PREPROCESSOR_DEFINITIONS = (
					"DEBUG=1",
					"$(inherited)",
				);
				GCC_SYMBOLS_PRIVATE_EXTERN = NO;
				GCC_WARN_64_TO_32_BIT_CONVERSION = YES;
				GCC_WARN_ABOUT_RETURN_TYPE = YES_ERROR;
				GCC_WARN_UNDECLARED_SELECTOR = YES;
				GCC_WARN_UNINITIALIZED_AUTOS = YES_AGGRESSIVE;
				GCC_WARN_UNUSED_FUNCTION = YES;
				GCC_WARN_UNUSED_VARIABLE = YES;
				IPHONEOS_DEPLOYMENT_TARGET = 8.1;
				MTL_ENABLE_DEBUG_INFO = YES;
				ONLY_ACTIVE_ARCH = YES;
				SDKROOT = iphoneos;
				SWIFT_OPTIMIZATION_LEVEL = "-Onone";
			};
			name = Debug;
		};
		954C1E2A1A616226004A6C15 /* Release */ = {
			isa = XCBuildConfiguration;
			buildSettings = {
				ALWAYS_SEARCH_USER_PATHS = NO;
				CLANG_CXX_LANGUAGE_STANDARD = "gnu++0x";
				CLANG_CXX_LIBRARY = "libc++";
				CLANG_ENABLE_MODULES = YES;
				CLANG_ENABLE_OBJC_ARC = YES;
				CLANG_WARN_BOOL_CONVERSION = YES;
				CLANG_WARN_CONSTANT_CONVERSION = YES;
				CLANG_WARN_DIRECT_OBJC_ISA_USAGE = YES_ERROR;
				CLANG_WARN_EMPTY_BODY = YES;
				CLANG_WARN_ENUM_CONVERSION = YES;
				CLANG_WARN_INT_CONVERSION = YES;
				CLANG_WARN_OBJC_ROOT_CLASS = YES_ERROR;
				CLANG_WARN_UNREACHABLE_CODE = YES;
				CLANG_WARN__DUPLICATE_METHOD_MATCH = YES;
				"CODE_SIGN_IDENTITY[sdk=iphoneos*]" = "iPhone Developer";
				COPY_PHASE_STRIP = YES;
				ENABLE_NS_ASSERTIONS = NO;
				ENABLE_STRICT_OBJC_MSGSEND = YES;
				GCC_C_LANGUAGE_STANDARD = gnu99;
				GCC_WARN_64_TO_32_BIT_CONVERSION = YES;
				GCC_WARN_ABOUT_RETURN_TYPE = YES_ERROR;
				GCC_WARN_UNDECLARED_SELECTOR = YES;
				GCC_WARN_UNINITIALIZED_AUTOS = YES_AGGRESSIVE;
				GCC_WARN_UNUSED_FUNCTION = YES;
				GCC_WARN_UNUSED_VARIABLE = YES;
				IPHONEOS_DEPLOYMENT_TARGET = 8.1;
				MTL_ENABLE_DEBUG_INFO = NO;
				SDKROOT = iphoneos;
				VALIDATE_PRODUCT = YES;
			};
			name = Release;
		};
		954C1E2C1A616226004A6C15 /* Debug */ = {
			isa = XCBuildConfiguration;
			buildSettings = {
				ASSETCATALOG_COMPILER_APPICON_NAME = AppIcon;
				INFOPLIST_FILE = iStartSiteSwift/Info.plist;
				LD_RUNPATH_SEARCH_PATHS = "$(inherited) @executable_path/Frameworks";
				PRODUCT_NAME = "$(TARGET_NAME)";
			};
			name = Debug;
		};
		954C1E2D1A616226004A6C15 /* Release */ = {
			isa = XCBuildConfiguration;
			buildSettings = {
				ASSETCATALOG_COMPILER_APPICON_NAME = AppIcon;
				INFOPLIST_FILE = iStartSiteSwift/Info.plist;
				LD_RUNPATH_SEARCH_PATHS = "$(inherited) @executable_path/Frameworks";
				PRODUCT_NAME = "$(TARGET_NAME)";
			};
			name = Release;
		};
		954C1E2F1A616226004A6C15 /* Debug */ = {
			isa = XCBuildConfiguration;
			buildSettings = {
				BUNDLE_LOADER = "$(TEST_HOST)";
				FRAMEWORK_SEARCH_PATHS = (
					"$(SDKROOT)/Developer/Library/Frameworks",
					"$(inherited)",
				);
				GCC_PREPROCESSOR_DEFINITIONS = (
					"DEBUG=1",
					"$(inherited)",
				);
				INFOPLIST_FILE = iStartSiteSwiftTests/Info.plist;
				LD_RUNPATH_SEARCH_PATHS = "$(inherited) @executable_path/Frameworks @loader_path/Frameworks";
				PRODUCT_NAME = "$(TARGET_NAME)";
				TEST_HOST = "$(BUILT_PRODUCTS_DIR)/iStartSiteSwift.app/iStartSiteSwift";
			};
			name = Debug;
		};
		954C1E301A616226004A6C15 /* Release */ = {
			isa = XCBuildConfiguration;
			buildSettings = {
				BUNDLE_LOADER = "$(TEST_HOST)";
				FRAMEWORK_SEARCH_PATHS = (
					"$(SDKROOT)/Developer/Library/Frameworks",
					"$(inherited)",
				);
				INFOPLIST_FILE = iStartSiteSwiftTests/Info.plist;
				LD_RUNPATH_SEARCH_PATHS = "$(inherited) @executable_path/Frameworks @loader_path/Frameworks";
				PRODUCT_NAME = "$(TARGET_NAME)";
				TEST_HOST = "$(BUILT_PRODUCTS_DIR)/iStartSiteSwift.app/iStartSiteSwift";
			};
			name = Release;
		};
/* End XCBuildConfiguration section */

/* Begin XCConfigurationList section */
		954C1E071A616226004A6C15 /* Build configuration list for PBXProject "iStartSiteSwift" */ = {
			isa = XCConfigurationList;
			buildConfigurations = (
				954C1E291A616226004A6C15 /* Debug */,
				954C1E2A1A616226004A6C15 /* Release */,
			);
			defaultConfigurationIsVisible = 0;
			defaultConfigurationName = Release;
		};
		954C1E2B1A616226004A6C15 /* Build configuration list for PBXNativeTarget "iStartSiteSwift" */ = {
			isa = XCConfigurationList;
			buildConfigurations = (
				954C1E2C1A616226004A6C15 /* Debug */,
				954C1E2D1A616226004A6C15 /* Release */,
			);
			defaultConfigurationIsVisible = 0;
		};
		954C1E2E1A616226004A6C15 /* Build configuration list for PBXNativeTarget "iStartSiteSwiftTests" */ = {
			isa = XCConfigurationList;
			buildConfigurations = (
				954C1E2F1A616226004A6C15 /* Debug */,
				954C1E301A616226004A6C15 /* Release */,
			);
			defaultConfigurationIsVisible = 0;
		};
/* End XCConfigurationList section */
	};
	rootObject = 954C1E041A616226004A6C15 /* Project object */;
}
